
Microsoft Visual Studio Solution File, Format Version 12.00
# Visual Studio Version 16
VisualStudioVersion = 16.0.32510.428
MinimumVisualStudioVersion = 10.0.40219.1
Project("{FAE04EC0-301F-11D3-BF4B-00C04F79EFBC}") = "DependencyInjectionExample", "DependencyInjectionExample\DependencyInjectionExample.csproj", "{55874186-A8EB-4153-82C5-6F61D6269D7C}"
EndProject
Global
	GlobalSection(SolutionConfigurationPlatforms) = preSolution
		Debug|Any CPU = Debug|Any CPU
		Release|Any CPU = Release|Any CPU
	EndGlobalSection
	GlobalSection(ProjectConfigurationPlatforms) = postSolution
		{55874186-A8EB-4153-82C5-6F61D6269D7C}.Debug|Any CPU.ActiveCfg = Debug|Any CPU
		{55874186-A8EB-4153-82C5-6F61D6269D7C}.Debug|Any CPU.Build.0 = Debug|Any CPU
		{55874186-A8EB-4153-82C5-6F61D6269D7C}.Release|Any CPU.ActiveCfg = Release|Any CPU
		{55874186-A8EB-4153-82C5-6F61D6269D7C}.Release|Any CPU.Build.0 = Release|Any CPU
	EndGlobalSection
	GlobalSection(SolutionProperties) = preSolution
		HideSolutionNode = FALSE
	EndGlobalSection
	GlobalSection(ExtensibilityGlobals) = postSolution
		SolutionGuid = {C69A11B3-9982-4EDB-A8B8-184F64B4CCF9}
	EndGlobalSection
EndGlobal
